Microsoft Visual Studio Solution File, Format Version 11.00
# Visual Studio 2008

Project("{93798187-8D19-B7E9-B68B-070E06FB55BB}") = "LOOM-Multi-Threading-Framework", "Assembly-CSharp.csproj", "{1531EB7A-9E70-6350-9B3A-FB55757FB8FD}"
EndProject
Global
	GlobalSection(SolutionConfigurationPlatforms) = preSolution
		Debug|Any CPU = Debug|Any CPU
		Release|Any CPU = Release|Any CPU
	EndGlobalSection
	GlobalSection(ProjectConfigurationPlatforms) = postSolution
		{1531EB7A-9E70-6350-9B3A-FB55757FB8FD}.Debug|Any CPU.ActiveCfg = Debug|Any CPU
		{1531EB7A-9E70-6350-9B3A-FB55757FB8FD}.Debug|Any CPU.Build.0 = Debug|Any CPU
		{1531EB7A-9E70-6350-9B3A-FB55757FB8FD}.Release|Any CPU.ActiveCfg = Release|Any CPU
		{1531EB7A-9E70-6350-9B3A-FB55757FB8FD}.Release|Any CPU.Build.0 = Release|Any CPU
	EndGlobalSection
	GlobalSection(SolutionProperties) = preSolution
		HideSolutionNode = FALSE
	EndGlobalSection
	GlobalSection(MonoDevelopProperties) = preSolution
		StartupItem = Assembly-CSharp.csproj
	EndGlobalSection
EndGlobal
